
Microsoft Visual Studio Solution File, Format Version 12.00
# Visual Studio Version 16
VisualStudioVersion = 16.0.31624.102
MinimumVisualStudioVersion = 10.0.40219.1
Project("{FAE04EC0-301F-11D3-BF4B-00C04F79EFBC}") = "Challenge1_ClassLibrary", "Challenge1_ClassLibrary\Challenge1_ClassLibrary.csproj", "{4DC63A3C-40C0-4BF4-8B06-EA87AA898056}"
EndProject
Project("{FAE04EC0-301F-11D3-BF4B-00C04F79EFBC}") = "Challenge1_ConsoleApp", "Challenge1_ConsoleApp\Challenge1_ConsoleApp.csproj", "{FBDEB0CF-8FE9-479F-A158-5917E8A789A2}"
EndProject
Project("{FAE04EC0-301F-11D3-BF4B-00C04F79EFBC}") = "Challenge1_UnitTests", "Challenge1_UnitTests\Challenge1_UnitTests.csproj", "{0E91FF7F-FE1F-442A-AC69-AF555B3FB51F}"
EndProject
Project("{FAE04EC0-301F-11D3-BF4B-00C04F79EFBC}") = "Challenge2_ClassLibrary", "Challenge2_ClassLibrary\Challenge2_ClassLibrary.csproj", "{A445A836-D779-4827-BFC6-1F4FE29425C9}"
EndProject
Project("{FAE04EC0-301F-11D3-BF4B-00C04F79EFBC}") = "Challenge2_ConsoleApp", "Challenge2_ConsoleApp\Challenge2_ConsoleApp.csproj", "{CF9198B4-99CE-4075-BF0F-0122F3C8F5B9}"
EndProject
Project("{FAE04EC0-301F-11D3-BF4B-00C04F79EFBC}") = "Challenge2_UnitTests", "Challenge2_UnitTests\Challenge2_UnitTests.csproj", "{79ADAB38-2807-4E6D-875D-D110E341A485}"
EndProject
Project("{FAE04EC0-301F-11D3-BF4B-00C04F79EFBC}") = "Challenge3_ClassLibrary", "Challenge3_ClassLibrary\Challenge3_ClassLibrary.csproj", "{6026F0EA-2A88-4DC4-9923-A0C44FF36566}"
EndProject
Project("{FAE04EC0-301F-11D3-BF4B-00C04F79EFBC}") = "Challenge3_ConsoleApp", "Challenge3_ConsoleApp\Challenge3_ConsoleApp.csproj", "{7A0A922B-6206-42CD-BC60-0A3E99624EBD}"
EndProject
Project("{FAE04EC0-301F-11D3-BF4B-00C04F79EFBC}") = "Challenge3_UnitTests", "Challenge3_UnitTests\Challenge3_UnitTests.csproj", "{49BC3A89-941D-4886-BB86-A16B17D4397B}"
EndProject
Global
	GlobalSection(SolutionConfigurationPlatforms) = preSolution
		Debug|Any CPU = Debug|Any CPU
		Release|Any CPU = Release|Any CPU
	EndGlobalSection
	GlobalSection(ProjectConfigurationPlatforms) = postSolution
		{4DC63A3C-40C0-4BF4-8B06-EA87AA898056}.Debug|Any CPU.ActiveCfg = Debug|Any CPU
		{4DC63A3C-40C0-4BF4-8B06-EA87AA898056}.Debug|Any CPU.Build.0 = Debug|Any CPU
		{4DC63A3C-40C0-4BF4-8B06-EA87AA898056}.Release|Any CPU.ActiveCfg = Release|Any CPU
		{4DC63A3C-40C0-4BF4-8B06-EA87AA898056}.Release|Any CPU.Build.0 = Release|Any CPU
		{FBDEB0CF-8FE9-479F-A158-5917E8A789A2}.Debug|Any CPU.ActiveCfg = Debug|Any CPU
		{FBDEB0CF-8FE9-479F-A158-5917E8A789A2}.Debug|Any CPU.Build.0 = Debug|Any CPU
		{FBDEB0CF-8FE9-479F-A158-5917E8A789A2}.Release|Any CPU.ActiveCfg = Release|Any CPU
		{FBDEB0CF-8FE9-479F-A158-5917E8A789A2}.Release|Any CPU.Build.0 = Release|Any CPU
		{0E91FF7F-FE1F-442A-AC69-AF555B3FB51F}.Debug|Any CPU.ActiveCfg = Debug|Any CPU
		{0E91FF7F-FE1F-442A-AC69-AF555B3FB51F}.Debug|Any CPU.Build.0 = Debug|Any CPU
		{0E91FF7F-FE1F-442A-AC69-AF555B3FB51F}.Release|Any CPU.ActiveCfg = Release|Any CPU
		{0E91FF7F-FE1F-442A-AC69-AF555B3FB51F}.Release|Any CPU.Build.0 = Release|Any CPU
		{A445A836-D779-4827-BFC6-1F4FE29425C9}.Debug|Any CPU.ActiveCfg = Debug|Any CPU
		{A445A836-D779-4827-BFC6-1F4FE29425C9}.Debug|Any CPU.Build.0 = Debug|Any CPU
		{A445A836-D779-4827-BFC6-1F4FE29425C9}.Release|Any CPU.ActiveCfg = Release|Any CPU
		{A445A836-D779-4827-BFC6-1F4FE29425C9}.Release|Any CPU.Build.0 = Release|Any CPU
		{CF9198B4-99CE-4075-BF0F-0122F3C8F5B9}.Debug|Any CPU.ActiveCfg = Debug|Any CPU
		{CF9198B4-99CE-4075-BF0F-0122F3C8F5B9}.Debug|Any CPU.Build.0 = Debug|Any CPU
		{CF9198B4-99CE-4075-BF0F-0122F3C8F5B9}.Release|Any CPU.ActiveCfg = Release|Any CPU
		{CF9198B4-99CE-4075-BF0F-0122F3C8F5B9}.Release|Any CPU.Build.0 = Release|Any CPU
		{79ADAB38-2807-4E6D-875D-D110E341A485}.Debug|Any CPU.ActiveCfg = Debug|Any CPU
		{79ADAB38-2807-4E6D-875D-D110E341A485}.Debug|Any CPU.Build.0 = Debug|Any CPU
		{79ADAB38-2807-4E6D-875D-D110E341A485}.Release|Any CPU.ActiveCfg = Release|Any CPU
		{79ADAB38-2807-4E6D-875D-D110E341A485}.Release|Any CPU.Build.0 = Release|Any CPU
		{6026F0EA-2A88-4DC4-9923-A0C44FF36566}.Debug|Any CPU.ActiveCfg = Debug|Any CPU
		{6026F0EA-2A88-4DC4-9923-A0C44FF36566}.Debug|Any CPU.Build.0 = Debug|Any CPU
		{6026F0EA-2A88-4DC4-9923-A0C44FF36566}.Release|Any CPU.ActiveCfg = Release|Any CPU
		{6026F0EA-2A88-4DC4-9923-A0C44FF36566}.Release|Any CPU.Build.0 = Release|Any CPU
		{7A0A922B-6206-42CD-BC60-0A3E99624EBD}.Debug|Any CPU.ActiveCfg = Debug|Any CPU
		{7A0A922B-6206-42CD-BC60-0A3E99624EBD}.Debug|Any CPU.Build.0 = Debug|Any CPU
		{7A0A922B-6206-42CD-BC60-0A3E99624EBD}.Release|Any CPU.ActiveCfg = Release|Any CPU
		{7A0A922B-6206-42CD-BC60-0A3E99624EBD}.Release|Any CPU.Build.0 = Release|Any CPU
		{49BC3A89-941D-4886-BB86-A16B17D4397B}.Debug|Any CPU.ActiveCfg = Debug|Any CPU
		{49BC3A89-941D-4886-BB86-A16B17D4397B}.Debug|Any CPU.Build.0 = Debug|Any CPU
		{49BC3A89-941D-4886-BB86-A16B17D4397B}.Release|Any CPU.ActiveCfg = Release|Any CPU
		{49BC3A89-941D-4886-BB86-A16B17D4397B}.Release|Any CPU.Build.0 = Release|Any CPU
	EndGlobalSection
	GlobalSection(SolutionProperties) = preSolution
		HideSolutionNode = FALSE
	EndGlobalSection
	GlobalSection(ExtensibilityGlobals) = postSolution
		SolutionGuid = {17A9AE4D-69B2-4CB1-8099-E290B143E812}
	EndGlobalSection
EndGlobal
